
Microsoft Visual Studio Solution File, Format Version 12.00
# Visual Studio Version 17
VisualStudioVersion = 17.2.32526.322
MinimumVisualStudioVersion = 10.0.40219.1
Project("{FAE04EC0-301F-11D3-BF4B-00C04F79EFBC}") = "SortingAlgorithms", "SortingAlgorithms\SortingAlgorithms.csproj", "{E9218CDA-08F2-4753-8001-8F38F5457BF6}"
EndProject
Global
	GlobalSection(SolutionConfigurationPlatforms) = preSolution
		Debug|Any CPU = Debug|Any CPU
		Release|Any CPU = Release|Any CPU
	EndGlobalSection
	GlobalSection(ProjectConfigurationPlatforms) = postSolution
		{E9218CDA-08F2-4753-8001-8F38F5457BF6}.Debug|Any CPU.ActiveCfg = Debug|Any CPU
		{E9218CDA-08F2-4753-8001-8F38F5457BF6}.Debug|Any CPU.Build.0 = Debug|Any CPU
		{E9218CDA-08F2-4753-8001-8F38F5457BF6}.Release|Any CPU.ActiveCfg = Release|Any CPU
		{E9218CDA-08F2-4753-8001-8F38F5457BF6}.Release|Any CPU.Build.0 = Release|Any CPU
	EndGlobalSection
	GlobalSection(SolutionProperties) = preSolution
		HideSolutionNode = FALSE
	EndGlobalSection
	GlobalSection(ExtensibilityGlobals) = postSolution
		SolutionGuid = {F514B659-D746-4B44-B5EF-1EB5DFD46BB8}
	EndGlobalSection
EndGlobal
